
Microsoft Visual Studio Solution File, Format Version 12.00
# Visual Studio Version 16
VisualStudioVersion = 16.0.30320.27
MinimumVisualStudioVersion = 10.0.40219.1
Project("{FAE04EC0-301F-11D3-BF4B-00C04F79EFBC}") = "Task_3_kg", "Task_3_kg\Task_3_kg.csproj", "{9CBF55A6-F686-434B-9235-EBA7B4F17DE6}"
EndProject
Global
	GlobalSection(SolutionConfigurationPlatforms) = preSolution
		Debug|Any CPU = Debug|Any CPU
		Release|Any CPU = Release|Any CPU
	EndGlobalSection
	GlobalSection(ProjectConfigurationPlatforms) = postSolution
		{9CBF55A6-F686-434B-9235-EBA7B4F17DE6}.Debug|Any CPU.ActiveCfg = Debug|Any CPU
		{9CBF55A6-F686-434B-9235-EBA7B4F17DE6}.Debug|Any CPU.Build.0 = Debug|Any CPU
		{9CBF55A6-F686-434B-9235-EBA7B4F17DE6}.Release|Any CPU.ActiveCfg = Release|Any CPU
		{9CBF55A6-F686-434B-9235-EBA7B4F17DE6}.Release|Any CPU.Build.0 = Release|Any CPU
	EndGlobalSection
	GlobalSection(SolutionProperties) = preSolution
		HideSolutionNode = FALSE
	EndGlobalSection
	GlobalSection(ExtensibilityGlobals) = postSolution
		SolutionGuid = {A176BAF6-AD4B-4BF2-929D-A8424064C750}
	EndGlobalSection
EndGlobal
